
Microsoft Visual Studio Solution File, Format Version 12.00
# Visual Studio Version 16
VisualStudioVersion = 16.0.31515.178
MinimumVisualStudioVersion = 10.0.40219.1
Project("{FAE04EC0-301F-11D3-BF4B-00C04F79EFBC}") = "SimbS", "SimbS\SimbS.csproj", "{F5C360DD-125A-4853-B1DC-5A88A3457F2F}"
EndProject
Global
	GlobalSection(SolutionConfigurationPlatforms) = preSolution
		Debug|Any CPU = Debug|Any CPU
		Release|Any CPU = Release|Any CPU
	EndGlobalSection
	GlobalSection(ProjectConfigurationPlatforms) = postSolution
		{F5C360DD-125A-4853-B1DC-5A88A3457F2F}.Debug|Any CPU.ActiveCfg = Debug|Any CPU
		{F5C360DD-125A-4853-B1DC-5A88A3457F2F}.Debug|Any CPU.Build.0 = Debug|Any CPU
		{F5C360DD-125A-4853-B1DC-5A88A3457F2F}.Release|Any CPU.ActiveCfg = Release|Any CPU
		{F5C360DD-125A-4853-B1DC-5A88A3457F2F}.Release|Any CPU.Build.0 = Release|Any CPU
	EndGlobalSection
	GlobalSection(SolutionProperties) = preSolution
		HideSolutionNode = FALSE
	EndGlobalSection
	GlobalSection(ExtensibilityGlobals) = postSolution
		SolutionGuid = {193A2314-0005-4F36-B4B4-79A41B934A68}
	EndGlobalSection
EndGlobal
